// !$*UTF8*$!
{
	archiveVersion = 1;
	classes = {
	};
	objectVersion = 46;
	objects = {

/* Begin PBXBuildFile section */
		36EA45101BBBBF040076C30D /* main.m in Sources */ = {isa = PBXBuildFile; fileRef = 36EA450F1BBBBF040076C30D /* main.m */; };
		36EA45131BBBBF040076C30D /* AppDelegate.m in Sources */ = {isa = PBXBuildFile; fileRef = 36EA45121BBBBF040076C30D /* AppDelegate.m */; };
		36EA45161BBBBF040076C30D /* ViewController.m in Sources */ = {isa = PBXBuildFile; fileRef = 36EA45151BBBBF040076C30D /* ViewController.m */; };
		36EA45191BBBBF040076C30D /* Main.storyboard in Resources */ = {isa = PBXBuildFile; fileRef = 36EA45171BBBBF040076C30D /* Main.storyboard */; };
		36EA451B1BBBBF040076C30D /* Assets.xcassets in Resources */ = {isa = PBXBuildFile; fileRef = 36EA451A1BBBBF040076C30D /* Assets.xcassets */; };
		36EA451E1BBBBF040076C30D /* LaunchScreen.storyboard in Resources */ = {isa = PBXBuildFile; fileRef = 36EA451C1BBBBF040076C30D /* LaunchScreen.storyboard */; };
/* End PBXBuildFile section */

/* Begin PBXFileReference section */
		36EA450B1BBBBF040076C30D /* AttributeStringDemo.app */ = {isa = PBXFileReference; explicitFileType = wrapper.application; includeInIndex = 0; path = AttributeStringDemo.app; sourceTree = BUILT_PRODUCTS_DIR; };
		36EA450F1BBBBF040076C30D /* main.m */ = {isa = PBXFileReference; lastKnownFileType = sourcecode.c.objc; path = main.m; sourceTree = "<group>"; };
		36EA45111BBBBF040076C30D /* AppDelegate.h */ = {isa = PBXFileReference; lastKnownFileType = sourcecode.c.h; path = AppDelegate.h; sourceTree = "<group>"; };
		36EA45121BBBBF040076C30D /* AppDelegate.m */ = {isa = PBXFileReference; lastKnownFileType = sourcecode.c.objc; path = AppDelegate.m; sourceTree = "<group>"; };
		36EA45141BBBBF040076C30D /* ViewController.h */ = {isa = PBXFileReference; lastKnownFileType = sourcecode.c.h; path = ViewController.h; sourceTree = "<group>"; };
		36EA45151BBBBF040076C30D /* ViewController.m */ = {isa = PBXFileReference; lastKnownFileType = sourcecode.c.objc; path = ViewController.m; sourceTree = "<group>"; };
		36EA45181BBBBF040076C30D /* Base */ = {isa = PBXFileReference; lastKnownFileType = file.storyboard; name = Base; path = Base.lproj/Main.storyboard; sourceTree = "<group>"; };
		36EA451A1BBBBF040076C30D /* Assets.xcassets */ = {isa = PBXFileReference; lastKnownFileType = folder.assetcatalog; path = Assets.xcassets; sourceTree = "<group>"; };
		36EA451D1BBBBF040076C30D /* Base */ = {isa = PBXFileReference; lastKnownFileType = file.storyboard; name = Base; path = Base.lproj/LaunchScreen.storyboard; sourceTree = "<group>"; };
		36EA451F1BBBBF040076C30D /* Info.plist */ = {isa = PBXFileReference; lastKnownFileType = text.plist.xml; path = Info.plist; sourceTree = "<group>"; };
/* End PBXFileReference section */

/* Begin PBXFrameworksBuildPhase section */
		36EA45081BBBBF040076C30D /* Frameworks */ = {
			isa = PBXFrameworksBuildPhase;
			buildActionMask = 2147483647;
			files = (
			);
			runOnlyForDeploymentPostprocessing = 0;
		};
/* End PBXFrameworksBuildPhase section */

/* Begin PBXGroup section */
		36EA45021BBBBF040076C30D = {
			isa = PBXGroup;
			children = (
				36EA450D1BBBBF040076C30D /* AttributeStringDemo */,
				36EA450C1BBBBF040076C30D /* Products */,
			);
			sourceTree = "<group>";
		};
		36EA450C1BBBBF040076C30D /* Products */ = {
			isa = PBXGroup;
			children = (
				36EA450B1BBBBF040076C30D /* AttributeStringDemo.app */,
			);
			name = Products;
			sourceTree = "<group>";
		};
		36EA450D1BBBBF040076C30D /* AttributeStringDemo */ = {
			isa = PBXGroup;
			children = (
				36EA45111BBBBF040076C30D /* AppDelegate.h */,
				36EA45121BBBBF040076C30D /* AppDelegate.m */,
				36EA45141BBBBF040076C30D /* ViewController.h */,
				36EA45151BBBBF040076C30D /* ViewController.m */,
				36EA45171BBBBF040076C30D /* Main.storyboard */,
				36EA451A1BBBBF040076C30D /* Assets.xcassets */,
				36EA451C1BBBBF040076C30D /* LaunchScreen.storyboard */,
				36EA451F1BBBBF040076C30D /* Info.plist */,
				36EA450E1BBBBF040076C30D /* Supporting Files */,
			);
			path = AttributeStringDemo;
			sourceTree = "<group>";
		};
		36EA450E1BBBBF040076C30D /* Supporting Files */ = {
			isa = PBXGroup;
			children = (
				36EA450F1BBBBF040076C30D /* main.m */,
			);
			name = "Supporting Files";
			sourceTree = "<group>";
		};
/* End PBXGroup section */

/* Begin PBXNativeTarget section */
		36EA450A1BBBBF040076C30D /* AttributeStringDemo */ = {
			isa = PBXNativeTarget;
			buildConfigurationList = 36EA45221BBBBF040076C30D /* Build configuration list for PBXNativeTarget "AttributeStringDemo" */;
			buildPhases = (
				36EA45071BBBBF040076C30D /* Sources */,
				36EA45081BBBBF040076C30D /* Frameworks */,
				36EA45091BBBBF040076C30D /* Resources */,
			);
			buildRules = (
			);
			dependencies = (
			);
			name = AttributeStringDemo;
			productName = AttributeStringDemo;
			productReference = 36EA450B1BBBBF040076C30D /* AttributeStringDemo.app */;
			productType = "com.apple.product-type.application";
		};
/* End PBXNativeTarget section */

/* Begin PBXProject section */
		36EA45031BBBBF040076C30D /* Project object */ = {
			isa = PBXProject;
			attributes = {
				LastUpgradeCheck = 0700;
				ORGANIZATIONNAME = majian;
				TargetAttributes = {
					36EA450A1BBBBF040076C30D = {
						CreatedOnToolsVersion = 7.0;
					};
				};
			};
			buildConfigurationList = 36EA45061BBBBF040076C30D /* Build configuration list for PBXProject "AttributeStringDemo" */;
			compatibilityVersion = "Xcode 3.2";
			developmentRegion = English;
			hasScannedForEncodings = 0;
			knownRegions = (
				en,
				Base,
			);
			mainGroup = 36EA45021BBBBF040076C30D;
			productRefGroup = 36EA450C1BBBBF040076C30D /* Products */;
			projectDirPath = "";
			projectRoot = "";
			targets = (
				36EA450A1BBBBF040076C30D /* AttributeStringDemo */,
			);
		};
/* End PBXProject section */

/* Begin PBXResourcesBuildPhase section */
		36EA45091BBBBF040076C30D /* Resources */ = {
			isa = PBXResourcesBuildPhase;
			buildActionMask = 2147483647;
			files = (
				36EA451E1BBBBF040076C30D /* LaunchScreen.storyboard in Resources */,
				36EA451B1BBBBF040076C30D /* Assets.xcassets in Resources */,
				36EA45191BBBBF040076C30D /* Main.storyboard in Resources */,
			);
			runOnlyForDeploymentPostprocessing = 0;
		};
/* End PBXResourcesBuildPhase section */

/* Begin PBXSourcesBuildPhase section */
		36EA45071BBBBF040076C30D /* Sources */ = {
			isa = PBXSourcesBuildPhase;
			buildActionMask = 2147483647;
			files = (
				36EA45161BBBBF040076C30D /* ViewController.m in Sources */,
				36EA45131BBBBF040076C30D /* AppDelegate.m in Sources */,
				36EA45101BBBBF040076C30D /* main.m in Sources */,
			);
			runOnlyForDeploymentPostprocessing = 0;
		};
/* End PBXSourcesBuildPhase section */

/* Begin PBXVariantGroup section */
		36EA45171BBBBF040076C30D /* Main.storyboard */ = {
			isa = PBXVariantGroup;
			children = (
				36EA45181BBBBF040076C30D /* Base */,
			);
			name = Main.storyboard;
			sourceTree = "<group>";
		};
		36EA451C1BBBBF040076C30D /* LaunchScreen.storyboard */ = {
			isa = PBXVariantGroup;
			children = (
				36EA451D1BBBBF040076C30D /* Base */,
			);
			name = LaunchScreen.storyboard;
			sourceTree = "<group>";
		};
/* End PBXVariantGroup section */

/* Begin XCBuildConfiguration section */
		36EA45201BBBBF040076C30D /* Debug */ = {
			isa = XCBuildConfiguration;
			buildSettings = {
				ALWAYS_SEARCH_USER_PATHS = NO;
				CLANG_CXX_LANGUAGE_STANDARD = "gnu++0x";
				CLANG_CXX_LIBRARY = "libc++";
				CLANG_ENABLE_MODULES = YES;
				CLANG_ENABLE_OBJC_ARC = YES;
				CLANG_WARN_BOOL_CONVERSION = YES;
				CLANG_WARN_CONSTANT_CONVERSION = YES;
				CLANG_WARN_DIRECT_OBJC_ISA_USAGE = YES_ERROR;
				CLANG_WARN_EMPTY_BODY = YES;
				CLANG_WARN_ENUM_CONVERSION = YES;
				CLANG_WARN_INT_CONVERSION = YES;
				CLANG_WARN_OBJC_ROOT_CLASS = YES_ERROR;
				CLANG_WARN_UNREACHABLE_CODE = YES;
				CLANG_WARN__DUPLICATE_METHOD_MATCH = YES;
				"CODE_SIGN_IDENTITY[sdk=iphoneos*]" = "iPhone Developer";
				COPY_PHASE_STRIP = NO;
				DEBUG_INFORMATION_FORMAT = dwarf;
				ENABLE_STRICT_OBJC_MSGSEND = YES;
				ENABLE_TESTABILITY = YES;
				GCC_C_LANGUAGE_STANDARD = gnu99;
				GCC_DYNAMIC_NO_PIC = NO;
				GCC_NO_COMMON_BLOCKS = YES;
				GCC_OPTIMIZATION_LEVEL = 0;
				GCC_PREPROCESSOR_DEFINITIONS = (
					"DEBUG=1",
					"$(inherited)",
				);
				GCC_WARN_64_TO_32_BIT_CONVERSION = YES;
				GCC_WARN_ABOUT_RETURN_TYPE = YES_ERROR;
				GCC_WARN_UNDECLARED_SELECTOR = YES;
				GCC_WARN_UNINITIALIZED_AUTOS = YES_AGGRESSIVE;
				GCC_WARN_UNUSED_FUNCTION = YES;
				GCC_WARN_UNUSED_VARIABLE = YES;
				IPHONEOS_DEPLOYMENT_TARGET = 9.0;
				MTL_ENABLE_DEBUG_INFO = YES;
				ONLY_ACTIVE_ARCH = YES;
				SDKROOT = iphoneos;
			};
			name = Debug;
		};
		36EA45211BBBBF040076C30D /* Release */ = {
			isa = XCBuildConfiguration;
			buildSettings = {
				ALWAYS_SEARCH_USER_PATHS = NO;
				CLANG_CXX_LANGUAGE_STANDARD = "gnu++0x";
				CLANG_CXX_LIBRARY = "libc++";
				CLANG_ENABLE_MODULES = YES;
				CLANG_ENABLE_OBJC_ARC = YES;
				CLANG_WARN_BOOL_CONVERSION = YES;
				CLANG_WARN_CONSTANT_CONVERSION = YES;
				CLANG_WARN_DIRECT_OBJC_ISA_USAGE = YES_ERROR;
				CLANG_WARN_EMPTY_BODY = YES;
				CLANG_WARN_ENUM_CONVERSION = YES;
				CLANG_WARN_INT_CONVERSION = YES;
				CLANG_WARN_OBJC_ROOT_CLASS = YES_ERROR;
				CLANG_WARN_UNREACHABLE_CODE = YES;
				CLANG_WARN__DUPLICATE_METHOD_MATCH = YES;
				"CODE_SIGN_IDENTITY[sdk=iphoneos*]" = "iPhone Developer";
				COPY_PHASE_STRIP = NO;
				DEBUG_INFORMATION_FORMAT = "dwarf-with-dsym";
				ENABLE_NS_ASSERTIONS = NO;
				ENABLE_STRICT_OBJC_MSGSEND = YES;
				GCC_C_LANGUAGE_STANDARD = gnu99;
				GCC_NO_COMMON_BLOCKS = YES;
				GCC_WARN_64_TO_32_BIT_CONVERSION = YES;
				GCC_WARN_ABOUT_RETURN_TYPE = YES_ERROR;
				GCC_WARN_UNDECLARED_SELECTOR = YES;
				GCC_WARN_UNINITIALIZED_AUTOS = YES_AGGRESSIVE;
				GCC_WARN_UNUSED_FUNCTION = YES;
				GCC_WARN_UNUSED_VARIABLE = YES;
				IPHONEOS_DEPLOYMENT_TARGET = 9.0;
				MTL_ENABLE_DEBUG_INFO = NO;
				SDKROOT = iphoneos;
				VALIDATE_PRODUCT = YES;
			};
			name = Release;
		};
		36EA45231BBBBF040076C30D /* Debug */ = {
			isa = XCBuildConfiguration;
			buildSettings = {
				ASSETCATALOG_COMPILER_APPICON_NAME = AppIcon;
				INFOPLIST_FILE = AttributeStringDemo/Info.plist;
				LD_RUNPATH_SEARCH_PATHS = "$(inherited) @executable_path/Frameworks";
				PRODUCT_BUNDLE_IDENTIFIER = com.haoyi.AttributeStringDemo;
				PRODUCT_NAME = "$(TARGET_NAME)";
			};
			name = Debug;
		};
		36EA45241BBBBF040076C30D /* Release */ = {
			isa = XCBuildConfiguration;
			buildSettings = {
				ASSETCATALOG_COMPILER_APPICON_NAME = AppIcon;
				INFOPLIST_FILE = AttributeStringDemo/Info.plist;
				LD_RUNPATH_SEARCH_PATHS = "$(inherited) @executable_path/Frameworks";
				PRODUCT_BUNDLE_IDENTIFIER = com.haoyi.AttributeStringDemo;
				PRODUCT_NAME = "$(TARGET_NAME)";
			};
			name = Release;
		};
/* End XCBuildConfiguration section */

/* Begin XCConfigurationList section */
		36EA45061BBBBF040076C30D /* Build configuration list for PBXProject "AttributeStringDemo" */ = {
			isa = XCConfigurationList;
			buildConfigurations = (
				36EA45201BBBBF040076C30D /* Debug */,
				36EA45211BBBBF040076C30D /* Release */,
			);
			defaultConfigurationIsVisible = 0;
			defaultConfigurationName = Release;
		};
		36EA45221BBBBF040076C30D /* Build configuration list for PBXNativeTarget "AttributeStringDemo" */ = {
			isa = XCConfigurationList;
			buildConfigurations = (
				36EA45231BBBBF040076C30D /* Debug */,
				36EA45241BBBBF040076C30D /* Release */,
			);
			defaultConfigurationIsVisible = 0;
		};
/* End XCConfigurationList section */
	};
	rootObject = 36EA45031BBBBF040076C30D /* Project object */;
}
